
Microsoft Visual Studio Solution File, Format Version 12.00
# Visual Studio Version 17
VisualStudioVersion = 17.13.35931.197 d17.13
MinimumVisualStudioVersion = 10.0.40219.1
Project("{FAE04EC0-301F-11D3-BF4B-00C04F79EFBC}") = "AudioNetworkStoreNet6", "AudioNetworkStoreNet6\AudioNetworkStoreNet6.csproj", "{78F2BB0D-3926-4B5B-9253-E57E965F7368}"
EndProject
Global
	GlobalSection(SolutionConfigurationPlatforms) = preSolution
		Debug|Any CPU = Debug|Any CPU
		Release|Any CPU = Release|Any CPU
	EndGlobalSection
	GlobalSection(ProjectConfigurationPlatforms) = postSolution
		{78F2BB0D-3926-4B5B-9253-E57E965F7368}.Debug|Any CPU.ActiveCfg = Debug|Any CPU
		{78F2BB0D-3926-4B5B-9253-E57E965F7368}.Debug|Any CPU.Build.0 = Debug|Any CPU
		{78F2BB0D-3926-4B5B-9253-E57E965F7368}.Release|Any CPU.ActiveCfg = Release|Any CPU
		{78F2BB0D-3926-4B5B-9253-E57E965F7368}.Release|Any CPU.Build.0 = Release|Any CPU
	EndGlobalSection
	GlobalSection(SolutionProperties) = preSolution
		HideSolutionNode = FALSE
	EndGlobalSection
	GlobalSection(ExtensibilityGlobals) = postSolution
		SolutionGuid = {3654DC94-B630-4F94-9BA8-785DE13470B2}
	EndGlobalSection
EndGlobal
